// !$*UTF8*$!
{
	archiveVersion = 1;
	classes = {
	};
	objectVersion = 56;
	objects = {

/* Begin PBXBuildFile section */
		EC0D6428297AC40E00B044E8 /* GameViewController.swift in Sources */ = {isa = PBXBuildFile; fileRef = EC0D6427297AC40E00B044E8 /* GameViewController.swift */; };
		EC8A6AFE29753E84007068DE /* AppDelegate.swift in Sources */ = {isa = PBXBuildFile; fileRef = EC8A6AFD29753E84007068DE /* AppDelegate.swift */; };
		EC8A6B0029753E84007068DE /* SceneDelegate.swift in Sources */ = {isa = PBXBuildFile; fileRef = EC8A6AFF29753E84007068DE /* SceneDelegate.swift */; };
		EC8A6B0229753E84007068DE /* ViewController.swift in Sources */ = {isa = PBXBuildFile; fileRef = EC8A6B0129753E84007068DE /* ViewController.swift */; };
		EC8A6B0529753E84007068DE /* Main.storyboard in Resources */ = {isa = PBXBuildFile; fileRef = EC8A6B0329753E84007068DE /* Main.storyboard */; };
		EC8A6B0729753E85007068DE /* Assets.xcassets in Resources */ = {isa = PBXBuildFile; fileRef = EC8A6B0629753E85007068DE /* Assets.xcassets */; };
		EC8A6B0A29753E85007068DE /* LaunchScreen.storyboard in Resources */ = {isa = PBXBuildFile; fileRef = EC8A6B0829753E85007068DE /* LaunchScreen.storyboard */; };
		EC8A6B1229754CD0007068DE /* MyButton.swift in Sources */ = {isa = PBXBuildFile; fileRef = EC8A6B1129754CD0007068DE /* MyButton.swift */; };
		ECB62117297E7CCE0023E5A3 /* ResultTableViewController.swift in Sources */ = {isa = PBXBuildFile; fileRef = ECB62116297E7CCE0023E5A3 /* ResultTableViewController.swift */; };
		ECB62119297E815D0023E5A3 /* ResultTableViewCell.swift in Sources */ = {isa = PBXBuildFile; fileRef = ECB62118297E815D0023E5A3 /* ResultTableViewCell.swift */; };
		ECB62121297E87D40023E5A3 /* ChangeCarCollectionViewController.swift in Sources */ = {isa = PBXBuildFile; fileRef = ECB62120297E87D40023E5A3 /* ChangeCarCollectionViewController.swift */; };
/* End PBXBuildFile section */

/* Begin PBXFileReference section */
		EC0D6427297AC40E00B044E8 /* GameViewController.swift */ = {isa = PBXFileReference; lastKnownFileType = sourcecode.swift; path = GameViewController.swift; sourceTree = "<group>"; };
		EC8A6AFA29753E84007068DE /* iPad.app */ = {isa = PBXFileReference; explicitFileType = wrapper.application; includeInIndex = 0; path = iPad.app; sourceTree = BUILT_PRODUCTS_DIR; };
		EC8A6AFD29753E84007068DE /* AppDelegate.swift */ = {isa = PBXFileReference; lastKnownFileType = sourcecode.swift; path = AppDelegate.swift; sourceTree = "<group>"; };
		EC8A6AFF29753E84007068DE /* SceneDelegate.swift */ = {isa = PBXFileReference; lastKnownFileType = sourcecode.swift; path = SceneDelegate.swift; sourceTree = "<group>"; };
		EC8A6B0129753E84007068DE /* ViewController.swift */ = {isa = PBXFileReference; lastKnownFileType = sourcecode.swift; path = ViewController.swift; sourceTree = "<group>"; };
		EC8A6B0429753E84007068DE /* Base */ = {isa = PBXFileReference; lastKnownFileType = file.storyboard; name = Base; path = Base.lproj/Main.storyboard; sourceTree = "<group>"; };
		EC8A6B0629753E85007068DE /* Assets.xcassets */ = {isa = PBXFileReference; lastKnownFileType = folder.assetcatalog; path = Assets.xcassets; sourceTree = "<group>"; };
		EC8A6B0929753E85007068DE /* Base */ = {isa = PBXFileReference; lastKnownFileType = file.storyboard; name = Base; path = Base.lproj/LaunchScreen.storyboard; sourceTree = "<group>"; };
		EC8A6B0B29753E85007068DE /* Info.plist */ = {isa = PBXFileReference; lastKnownFileType = text.plist.xml; path = Info.plist; sourceTree = "<group>"; };
		EC8A6B1129754CD0007068DE /* MyButton.swift */ = {isa = PBXFileReference; lastKnownFileType = sourcecode.swift; path = MyButton.swift; sourceTree = "<group>"; };
		ECB62116297E7CCE0023E5A3 /* ResultTableViewController.swift */ = {isa = PBXFileReference; lastKnownFileType = sourcecode.swift; path = ResultTableViewController.swift; sourceTree = "<group>"; };
		ECB62118297E815D0023E5A3 /* ResultTableViewCell.swift */ = {isa = PBXFileReference; lastKnownFileType = sourcecode.swift; path = ResultTableViewCell.swift; sourceTree = "<group>"; };
		ECB62120297E87D40023E5A3 /* ChangeCarCollectionViewController.swift */ = {isa = PBXFileReference; lastKnownFileType = sourcecode.swift; path = ChangeCarCollectionViewController.swift; sourceTree = "<group>"; };
/* End PBXFileReference section */

/* Begin PBXFrameworksBuildPhase section */
		EC8A6AF729753E84007068DE /* Frameworks */ = {
			isa = PBXFrameworksBuildPhase;
			buildActionMask = 2147483647;
			files = (
			);
			runOnlyForDeploymentPostprocessing = 0;
		};
/* End PBXFrameworksBuildPhase section */

/* Begin PBXGroup section */
		EC8A6AF129753E84007068DE = {
			isa = PBXGroup;
			children = (
				EC8A6AFC29753E84007068DE /* iPad */,
				EC8A6B1129754CD0007068DE /* MyButton.swift */,
				EC8A6AFB29753E84007068DE /* Products */,
			);
			sourceTree = "<group>";
		};
		EC8A6AFB29753E84007068DE /* Products */ = {
			isa = PBXGroup;
			children = (
				EC8A6AFA29753E84007068DE /* iPad.app */,
			);
			name = Products;
			sourceTree = "<group>";
		};
		EC8A6AFC29753E84007068DE /* iPad */ = {
			isa = PBXGroup;
			children = (
				EC8A6AFD29753E84007068DE /* AppDelegate.swift */,
				EC8A6AFF29753E84007068DE /* SceneDelegate.swift */,
				EC8A6B0129753E84007068DE /* ViewController.swift */,
				EC8A6B0329753E84007068DE /* Main.storyboard */,
				ECB62120297E87D40023E5A3 /* ChangeCarCollectionViewController.swift */,
				ECB62116297E7CCE0023E5A3 /* ResultTableViewController.swift */,
				ECB62118297E815D0023E5A3 /* ResultTableViewCell.swift */,
				EC0D6427297AC40E00B044E8 /* GameViewController.swift */,
				EC8A6B0629753E85007068DE /* Assets.xcassets */,
				EC8A6B0829753E85007068DE /* LaunchScreen.storyboard */,
				EC8A6B0B29753E85007068DE /* Info.plist */,
			);
			path = iPad;
			sourceTree = "<group>";
		};
/* End PBXGroup section */

/* Begin PBXNativeTarget section */
		EC8A6AF929753E84007068DE /* iPad */ = {
			isa = PBXNativeTarget;
			buildConfigurationList = EC8A6B0E29753E85007068DE /* Build configuration list for PBXNativeTarget "iPad" */;
			buildPhases = (
				EC8A6AF629753E84007068DE /* Sources */,
				EC8A6AF729753E84007068DE /* Frameworks */,
				EC8A6AF829753E84007068DE /* Resources */,
			);
			buildRules = (
			);
			dependencies = (
			);
			name = iPad;
			productName = "Kanavichev drive";
			productReference = EC8A6AFA29753E84007068DE /* iPad.app */;
			productType = "com.apple.product-type.application";
		};
/* End PBXNativeTarget section */

/* Begin PBXProject section */
		EC8A6AF229753E84007068DE /* Project object */ = {
			isa = PBXProject;
			attributes = {
				BuildIndependentTargetsInParallel = 1;
				LastSwiftUpdateCheck = 1400;
				LastUpgradeCheck = 1400;
				TargetAttributes = {
					EC8A6AF929753E84007068DE = {
						CreatedOnToolsVersion = 14.0.1;
					};
				};
			};
			buildConfigurationList = EC8A6AF529753E84007068DE /* Build configuration list for PBXProject "iPad" */;
			compatibilityVersion = "Xcode 14.0";
			developmentRegion = en;
			hasScannedForEncodings = 0;
			knownRegions = (
				en,
				Base,
			);
			mainGroup = EC8A6AF129753E84007068DE;
			productRefGroup = EC8A6AFB29753E84007068DE /* Products */;
			projectDirPath = "";
			projectRoot = "";
			targets = (
				EC8A6AF929753E84007068DE /* iPad */,
			);
		};
/* End PBXProject section */

/* Begin PBXResourcesBuildPhase section */
		EC8A6AF829753E84007068DE /* Resources */ = {
			isa = PBXResourcesBuildPhase;
			buildActionMask = 2147483647;
			files = (
				EC8A6B0A29753E85007068DE /* LaunchScreen.storyboard in Resources */,
				EC8A6B0729753E85007068DE /* Assets.xcassets in Resources */,
				EC8A6B0529753E84007068DE /* Main.storyboard in Resources */,
			);
			runOnlyForDeploymentPostprocessing = 0;
		};
/* End PBXResourcesBuildPhase section */

/* Begin PBXSourcesBuildPhase section */
		EC8A6AF629753E84007068DE /* Sources */ = {
			isa = PBXSourcesBuildPhase;
			buildActionMask = 2147483647;
			files = (
				EC0D6428297AC40E00B044E8 /* GameViewController.swift in Sources */,
				ECB62121297E87D40023E5A3 /* ChangeCarCollectionViewController.swift in Sources */,
				EC8A6B0229753E84007068DE /* ViewController.swift in Sources */,
				ECB62119297E815D0023E5A3 /* ResultTableViewCell.swift in Sources */,
				ECB62117297E7CCE0023E5A3 /* ResultTableViewController.swift in Sources */,
				EC8A6AFE29753E84007068DE /* AppDelegate.swift in Sources */,
				EC8A6B0029753E84007068DE /* SceneDelegate.swift in Sources */,
				EC8A6B1229754CD0007068DE /* MyButton.swift in Sources */,
			);
			runOnlyForDeploymentPostprocessing = 0;
		};
/* End PBXSourcesBuildPhase section */

/* Begin PBXVariantGroup section */
		EC8A6B0329753E84007068DE /* Main.storyboard */ = {
			isa = PBXVariantGroup;
			children = (
				EC8A6B0429753E84007068DE /* Base */,
			);
			name = Main.storyboard;
			sourceTree = "<group>";
		};
		EC8A6B0829753E85007068DE /* LaunchScreen.storyboard */ = {
			isa = PBXVariantGroup;
			children = (
				EC8A6B0929753E85007068DE /* Base */,
			);
			name = LaunchScreen.storyboard;
			sourceTree = "<group>";
		};
/* End PBXVariantGroup section */

/* Begin XCBuildConfiguration section */
		EC8A6B0C29753E85007068DE /* Debug */ = {
			isa = XCBuildConfiguration;
			buildSettings = {
				ALTERNATE_OWNER = Kukunov;
				ALWAYS_SEARCH_USER_PATHS = NO;
				CLANG_ANALYZER_NONNULL = YES;
				CLANG_ANALYZER_NUMBER_OBJECT_CONVERSION = YES_AGGRESSIVE;
				CLANG_CXX_LANGUAGE_STANDARD = "gnu++20";
				CLANG_ENABLE_MODULES = YES;
				CLANG_ENABLE_OBJC_ARC = YES;
				CLANG_ENABLE_OBJC_WEAK = YES;
				CLANG_WARN_BLOCK_CAPTURE_AUTORELEASING = YES;
				CLANG_WARN_BOOL_CONVERSION = YES;
				CLANG_WARN_COMMA = YES;
				CLANG_WARN_CONSTANT_CONVERSION = YES;
				CLANG_WARN_DEPRECATED_OBJC_IMPLEMENTATIONS = YES;
				CLANG_WARN_DIRECT_OBJC_ISA_USAGE = YES_ERROR;
				CLANG_WARN_DOCUMENTATION_COMMENTS = YES;
				CLANG_WARN_EMPTY_BODY = YES;
				CLANG_WARN_ENUM_CONVERSION = YES;
				CLANG_WARN_INFINITE_RECURSION = YES;
				CLANG_WARN_INT_CONVERSION = YES;
				CLANG_WARN_NON_LITERAL_NULL_CONVERSION = YES;
				CLANG_WARN_OBJC_IMPLICIT_RETAIN_SELF = YES;
				CLANG_WARN_OBJC_LITERAL_CONVERSION = YES;
				CLANG_WARN_OBJC_ROOT_CLASS = YES_ERROR;
				CLANG_WARN_QUOTED_INCLUDE_IN_FRAMEWORK_HEADER = YES;
				CLANG_WARN_RANGE_LOOP_ANALYSIS = YES;
				CLANG_WARN_STRICT_PROTOTYPES = YES;
				CLANG_WARN_SUSPICIOUS_MOVE = YES;
				CLANG_WARN_UNGUARDED_AVAILABILITY = YES_AGGRESSIVE;
				CLANG_WARN_UNREACHABLE_CODE = YES;
				CLANG_WARN__DUPLICATE_METHOD_MATCH = YES;
				COPY_PHASE_STRIP = NO;
				DEBUG_INFORMATION_FORMAT = dwarf;
				ENABLE_STRICT_OBJC_MSGSEND = YES;
				ENABLE_TESTABILITY = YES;
				GCC_C_LANGUAGE_STANDARD = gnu11;
				GCC_DYNAMIC_NO_PIC = NO;
				GCC_NO_COMMON_BLOCKS = YES;
				GCC_OPTIMIZATION_LEVEL = 0;
				GCC_PREPROCESSOR_DEFINITIONS = (
					"DEBUG=1",
					"$(inherited)",
				);
				GCC_WARN_64_TO_32_BIT_CONVERSION = YES;
				GCC_WARN_ABOUT_RETURN_TYPE = YES_ERROR;
				GCC_WARN_UNDECLARED_SELECTOR = YES;
				GCC_WARN_UNINITIALIZED_AUTOS = YES_AGGRESSIVE;
				GCC_WARN_UNUSED_FUNCTION = YES;
				GCC_WARN_UNUSED_VARIABLE = YES;
				INSTALL_OWNER = Kukunov;
				IPHONEOS_DEPLOYMENT_TARGET = 16.0;
				MTL_ENABLE_DEBUG_INFO = INCLUDE_SOURCE;
				MTL_FAST_MATH = YES;
				ONLY_ACTIVE_ARCH = YES;
				SDKROOT = iphoneos;
				SWIFT_ACTIVE_COMPILATION_CONDITIONS = DEBUG;
				SWIFT_OPTIMIZATION_LEVEL = "-Onone";
			};
			name = Debug;
		};
		EC8A6B0D29753E85007068DE /* Release */ = {
			isa = XCBuildConfiguration;
			buildSettings = {
				ALTERNATE_OWNER = Kukunov;
				ALWAYS_SEARCH_USER_PATHS = NO;
				CLANG_ANALYZER_NONNULL = YES;
				CLANG_ANALYZER_NUMBER_OBJECT_CONVERSION = YES_AGGRESSIVE;
				CLANG_CXX_LANGUAGE_STANDARD = "gnu++20";
				CLANG_ENABLE_MODULES = YES;
				CLANG_ENABLE_OBJC_ARC = YES;
				CLANG_ENABLE_OBJC_WEAK = YES;
				CLANG_WARN_BLOCK_CAPTURE_AUTORELEASING = YES;
				CLANG_WARN_BOOL_CONVERSION = YES;
				CLANG_WARN_COMMA = YES;
				CLANG_WARN_CONSTANT_CONVERSION = YES;
				CLANG_WARN_DEPRECATED_OBJC_IMPLEMENTATIONS = YES;
				CLANG_WARN_DIRECT_OBJC_ISA_USAGE = YES_ERROR;
				CLANG_WARN_DOCUMENTATION_COMMENTS = YES;
				CLANG_WARN_EMPTY_BODY = YES;
				CLANG_WARN_ENUM_CONVERSION = YES;
				CLANG_WARN_INFINITE_RECURSION = YES;
				CLANG_WARN_INT_CONVERSION = YES;
				CLANG_WARN_NON_LITERAL_NULL_CONVERSION = YES;
				CLANG_WARN_OBJC_IMPLICIT_RETAIN_SELF = YES;
				CLANG_WARN_OBJC_LITERAL_CONVERSION = YES;
				CLANG_WARN_OBJC_ROOT_CLASS = YES_ERROR;
				CLANG_WARN_QUOTED_INCLUDE_IN_FRAMEWORK_HEADER = YES;
				CLANG_WARN_RANGE_LOOP_ANALYSIS = YES;
				CLANG_WARN_STRICT_PROTOTYPES = YES;
				CLANG_WARN_SUSPICIOUS_MOVE = YES;
				CLANG_WARN_UNGUARDED_AVAILABILITY = YES_AGGRESSIVE;
				CLANG_WARN_UNREACHABLE_CODE = YES;
				CLANG_WARN__DUPLICATE_METHOD_MATCH = YES;
				COPY_PHASE_STRIP = NO;
				DEBUG_INFORMATION_FORMAT = "dwarf-with-dsym";
				ENABLE_NS_ASSERTIONS = NO;
				ENABLE_STRICT_OBJC_MSGSEND = YES;
				GCC_C_LANGUAGE_STANDARD = gnu11;
				GCC_NO_COMMON_BLOCKS = YES;
				GCC_WARN_64_TO_32_BIT_CONVERSION = YES;
				GCC_WARN_ABOUT_RETURN_TYPE = YES_ERROR;
				GCC_WARN_UNDECLARED_SELECTOR = YES;
				GCC_WARN_UNINITIALIZED_AUTOS = YES_AGGRESSIVE;
				GCC_WARN_UNUSED_FUNCTION = YES;
				GCC_WARN_UNUSED_VARIABLE = YES;
				INSTALL_OWNER = Kukunov;
				IPHONEOS_DEPLOYMENT_TARGET = 16.0;
				MTL_ENABLE_DEBUG_INFO = NO;
				MTL_FAST_MATH = YES;
				SDKROOT = iphoneos;
				SWIFT_COMPILATION_MODE = wholemodule;
				SWIFT_OPTIMIZATION_LEVEL = "-O";
				VALIDATE_PRODUCT = YES;
			};
			name = Release;
		};
		EC8A6B0F29753E85007068DE /* Debug */ = {
			isa = XCBuildConfiguration;
			buildSettings = {
				ALTERNATE_OWNER = Egorov;
				ASSETCATALOG_COMPILER_APPICON_NAME = AppIcon;
				ASSETCATALOG_COMPILER_GLOBAL_ACCENT_COLOR_NAME = AccentColor;
				CLANG_OPTIMIZATION_PROFILE_FILE = "drive/OptimizationProfiles/$(PROJECT_NAME).profdata";
				CODE_SIGN_STYLE = Automatic;
				CURRENT_PROJECT_VERSION = 1;
				GENERATE_INFOPLIST_FILE = YES;
				INFOPLIST_FILE = drive/Info.plist;
				INFOPLIST_KEY_CFBundleDisplayName = Drive;
				INFOPLIST_KEY_UIApplicationSupportsIndirectInputEvents = YES;
				INFOPLIST_KEY_UILaunchStoryboardName = LaunchScreen;
				INFOPLIST_KEY_UIMainStoryboardFile = Main;
				INFOPLIST_KEY_UISupportedInterfaceOrientations_iPad = "UIInterfaceOrientationPortrait UIInterfaceOrientationPortraitUpsideDown UIInterfaceOrientationLandscapeLeft UIInterfaceOrientationLandscapeRight";
				INFOPLIST_KEY_UISupportedInterfaceOrientations_iPhone = "UIInterfaceOrientationPortrait UIInterfaceOrientationLandscapeLeft UIInterfaceOrientationLandscapeRight";
				INSTALL_OWNER = Egorov;
				LD_RUNPATH_SEARCH_PATHS = (
					"$(inherited)",
					"@executable_path/Frameworks",
				);
				MARKETING_VERSION = 1.0;
				PRODUCT_BUNDLE_IDENTIFIER = iPad.Egorov;
				PRODUCT_NAME = "$(TARGET_NAME)";
				SWIFT_EMIT_LOC_STRINGS = YES;
				SWIFT_VERSION = 5.0;
				TARGETED_DEVICE_FAMILY = "1,2";
			};
			name = Debug;
		};
		EC8A6B1029753E85007068DE /* Release */ = {
			isa = XCBuildConfiguration;
			buildSettings = {
				ALTERNATE_OWNER = Egorov;
				ASSETCATALOG_COMPILER_APPICON_NAME = AppIcon;
				ASSETCATALOG_COMPILER_GLOBAL_ACCENT_COLOR_NAME = AccentColor;
				CLANG_OPTIMIZATION_PROFILE_FILE = "drive/OptimizationProfiles/$(PROJECT_NAME).profdata";
				CODE_SIGN_STYLE = Automatic;
				CURRENT_PROJECT_VERSION = 1;
				GENERATE_INFOPLIST_FILE = YES;
				INFOPLIST_FILE = drive/Info.plist;
				INFOPLIST_KEY_CFBundleDisplayName = Drive;
				INFOPLIST_KEY_UIApplicationSupportsIndirectInputEvents = YES;
				INFOPLIST_KEY_UILaunchStoryboardName = LaunchScreen;
				INFOPLIST_KEY_UIMainStoryboardFile = Main;
				INFOPLIST_KEY_UISupportedInterfaceOrientations_iPad = "UIInterfaceOrientationPortrait UIInterfaceOrientationPortraitUpsideDown UIInterfaceOrientationLandscapeLeft UIInterfaceOrientationLandscapeRight";
				INFOPLIST_KEY_UISupportedInterfaceOrientations_iPhone = "UIInterfaceOrientationPortrait UIInterfaceOrientationLandscapeLeft UIInterfaceOrientationLandscapeRight";
				INSTALL_OWNER = Egorov;
				LD_RUNPATH_SEARCH_PATHS = (
					"$(inherited)",
					"@executable_path/Frameworks",
				);
				MARKETING_VERSION = 1.0;
				PRODUCT_BUNDLE_IDENTIFIER = iPad.Egorov;
				PRODUCT_NAME = "$(TARGET_NAME)";
				SWIFT_EMIT_LOC_STRINGS = YES;
				SWIFT_VERSION = 5.0;
				TARGETED_DEVICE_FAMILY = "1,2";
			};
			name = Release;
		};
/* End XCBuildConfiguration section */

/* Begin XCConfigurationList section */
		EC8A6AF529753E84007068DE /* Build configuration list for PBXProject "iPad" */ = {
			isa = XCConfigurationList;
			buildConfigurations = (
				EC8A6B0C29753E85007068DE /* Debug */,
				EC8A6B0D29753E85007068DE /* Release */,
			);
			defaultConfigurationIsVisible = 0;
			defaultConfigurationName = Release;
		};
		EC8A6B0E29753E85007068DE /* Build configuration list for PBXNativeTarget "iPad" */ = {
			isa = XCConfigurationList;
			buildConfigurations = (
				EC8A6B0F29753E85007068DE /* Debug */,
				EC8A6B1029753E85007068DE /* Release */,
			);
			defaultConfigurationIsVisible = 0;
			defaultConfigurationName = Release;
		};
/* End XCConfigurationList section */
	};
	rootObject = EC8A6AF229753E84007068DE /* Project object */;
}
